// !$*UTF8*$!
{
	archiveVersion = 1;
	classes = {
	};
	objectVersion = 48;
	objects = {

/* Begin PBXBuildFile section */
		8FEEA18B20BCC360001C963C /* Main.storyboard in Resources */ = {isa = PBXBuildFile; fileRef = 8FEEA18920BCC360001C963C /* Main.storyboard */; };
		8FEEA18D20BCC360001C963C /* Assets.xcassets in Resources */ = {isa = PBXBuildFile; fileRef = 8FEEA18C20BCC360001C963C /* Assets.xcassets */; };
		8FEEA19020BCC360001C963C /* LaunchScreen.storyboard in Resources */ = {isa = PBXBuildFile; fileRef = 8FEEA18E20BCC360001C963C /* LaunchScreen.storyboard */; };
		8FEEA19E20BCC430001C963C /* AppDelegate.swift in Sources */ = {isa = PBXBuildFile; fileRef = 8FEEA19820BCC42F001C963C /* AppDelegate.swift */; };
		8FEEA19F20BCC430001C963C /* ViewController.swift in Sources */ = {isa = PBXBuildFile; fileRef = 8FEEA19B20BCC430001C963C /* ViewController.swift */; };
		8FEEA1A220BCC54E001C963C /* Constants.swift in Sources */ = {isa = PBXBuildFile; fileRef = 8FEEA1A120BCC54E001C963C /* Constants.swift */; };
		8FEEA1A420BCC717001C963C /* RedditNetworking.swift in Sources */ = {isa = PBXBuildFile; fileRef = 8FEEA1A320BCC717001C963C /* RedditNetworking.swift */; };
		8FEEA1A620BCD232001C963C /* RedditEntriesFetcher.swift in Sources */ = {isa = PBXBuildFile; fileRef = 8FEEA1A520BCD232001C963C /* RedditEntriesFetcher.swift */; };
		8FEEA1A820BD05DE001C963C /* RedditEntry.swift in Sources */ = {isa = PBXBuildFile; fileRef = 8FEEA1A720BD05DE001C963C /* RedditEntry.swift */; };
/* End PBXBuildFile section */

/* Begin PBXFileReference section */
		8FEEA18220BCC360001C963C /* RedditFeed.app */ = {isa = PBXFileReference; explicitFileType = wrapper.application; includeInIndex = 0; path = RedditFeed.app; sourceTree = BUILT_PRODUCTS_DIR; };
		8FEEA18A20BCC360001C963C /* Base */ = {isa = PBXFileReference; lastKnownFileType = file.storyboard; name = Base; path = Base.lproj/Main.storyboard; sourceTree = "<group>"; };
		8FEEA18C20BCC360001C963C /* Assets.xcassets */ = {isa = PBXFileReference; lastKnownFileType = folder.assetcatalog; path = Assets.xcassets; sourceTree = "<group>"; };
		8FEEA18F20BCC360001C963C /* Base */ = {isa = PBXFileReference; lastKnownFileType = file.storyboard; name = Base; path = Base.lproj/LaunchScreen.storyboard; sourceTree = "<group>"; };
		8FEEA19120BCC360001C963C /* Info.plist */ = {isa = PBXFileReference; lastKnownFileType = text.plist.xml; path = Info.plist; sourceTree = "<group>"; };
		8FEEA19820BCC42F001C963C /* AppDelegate.swift */ = {isa = PBXFileReference; fileEncoding = 4; lastKnownFileType = sourcecode.swift; path = AppDelegate.swift; sourceTree = "<group>"; };
		8FEEA19B20BCC430001C963C /* ViewController.swift */ = {isa = PBXFileReference; fileEncoding = 4; lastKnownFileType = sourcecode.swift; path = ViewController.swift; sourceTree = "<group>"; };
		8FEEA1A120BCC54E001C963C /* Constants.swift */ = {isa = PBXFileReference; lastKnownFileType = sourcecode.swift; path = Constants.swift; sourceTree = "<group>"; };
		8FEEA1A320BCC717001C963C /* RedditNetworking.swift */ = {isa = PBXFileReference; lastKnownFileType = sourcecode.swift; path = RedditNetworking.swift; sourceTree = "<group>"; };
		8FEEA1A520BCD232001C963C /* RedditEntriesFetcher.swift */ = {isa = PBXFileReference; lastKnownFileType = sourcecode.swift; path = RedditEntriesFetcher.swift; sourceTree = "<group>"; };
		8FEEA1A720BD05DE001C963C /* RedditEntry.swift */ = {isa = PBXFileReference; lastKnownFileType = sourcecode.swift; path = RedditEntry.swift; sourceTree = "<group>"; };
/* End PBXFileReference section */

/* Begin PBXFrameworksBuildPhase section */
		8FEEA17F20BCC360001C963C /* Frameworks */ = {
			isa = PBXFrameworksBuildPhase;
			buildActionMask = 2147483647;
			files = (
			);
			runOnlyForDeploymentPostprocessing = 0;
		};
/* End PBXFrameworksBuildPhase section */

/* Begin PBXGroup section */
		8FEEA17920BCC360001C963C = {
			isa = PBXGroup;
			children = (
				8FEEA18420BCC360001C963C /* RedditFeed */,
				8FEEA18320BCC360001C963C /* Products */,
			);
			sourceTree = "<group>";
		};
		8FEEA18320BCC360001C963C /* Products */ = {
			isa = PBXGroup;
			children = (
				8FEEA18220BCC360001C963C /* RedditFeed.app */,
			);
			name = Products;
			sourceTree = "<group>";
		};
		8FEEA18420BCC360001C963C /* RedditFeed */ = {
			isa = PBXGroup;
			children = (
				8FEEA19720BCC42F001C963C /* Application */,
				8FEEA19A20BCC430001C963C /* Controllers */,
				8FEEA19D20BCC430001C963C /* Views */,
				8FEEA19C20BCC430001C963C /* Model */,
				8FEEA19920BCC42F001C963C /* Transport */,
				8FEEA1A020BCC527001C963C /* Support */,
				8FEEA18920BCC360001C963C /* Main.storyboard */,
				8FEEA18C20BCC360001C963C /* Assets.xcassets */,
				8FEEA18E20BCC360001C963C /* LaunchScreen.storyboard */,
				8FEEA19120BCC360001C963C /* Info.plist */,
			);
			path = RedditFeed;
			sourceTree = "<group>";
		};
		8FEEA19720BCC42F001C963C /* Application */ = {
			isa = PBXGroup;
			children = (
				8FEEA19820BCC42F001C963C /* AppDelegate.swift */,
			);
			path = Application;
			sourceTree = "<group>";
		};
		8FEEA19920BCC42F001C963C /* Transport */ = {
			isa = PBXGroup;
			children = (
				8FEEA1A320BCC717001C963C /* RedditNetworking.swift */,
				8FEEA1A520BCD232001C963C /* RedditEntriesFetcher.swift */,
			);
			path = Transport;
			sourceTree = "<group>";
		};
		8FEEA19A20BCC430001C963C /* Controllers */ = {
			isa = PBXGroup;
			children = (
				8FEEA19B20BCC430001C963C /* ViewController.swift */,
			);
			path = Controllers;
			sourceTree = "<group>";
		};
		8FEEA19C20BCC430001C963C /* Model */ = {
			isa = PBXGroup;
			children = (
				8FEEA1A720BD05DE001C963C /* RedditEntry.swift */,
			);
			path = Model;
			sourceTree = "<group>";
		};
		8FEEA19D20BCC430001C963C /* Views */ = {
			isa = PBXGroup;
			children = (
			);
			path = Views;
			sourceTree = "<group>";
		};
		8FEEA1A020BCC527001C963C /* Support */ = {
			isa = PBXGroup;
			children = (
				8FEEA1A120BCC54E001C963C /* Constants.swift */,
			);
			path = Support;
			sourceTree = "<group>";
		};
/* End PBXGroup section */

/* Begin PBXNativeTarget section */
		8FEEA18120BCC360001C963C /* RedditFeed */ = {
			isa = PBXNativeTarget;
			buildConfigurationList = 8FEEA19420BCC360001C963C /* Build configuration list for PBXNativeTarget "RedditFeed" */;
			buildPhases = (
				8FEEA17E20BCC360001C963C /* Sources */,
				8FEEA17F20BCC360001C963C /* Frameworks */,
				8FEEA18020BCC360001C963C /* Resources */,
			);
			buildRules = (
			);
			dependencies = (
			);
			name = RedditFeed;
			productName = RedditFeed;
			productReference = 8FEEA18220BCC360001C963C /* RedditFeed.app */;
			productType = "com.apple.product-type.application";
		};
/* End PBXNativeTarget section */

/* Begin PBXProject section */
		8FEEA17A20BCC360001C963C /* Project object */ = {
			isa = PBXProject;
			attributes = {
				LastSwiftUpdateCheck = 0920;
				LastUpgradeCheck = 0920;
				ORGANIZATIONNAME = NAppsLab;
				TargetAttributes = {
					8FEEA18120BCC360001C963C = {
						CreatedOnToolsVersion = 9.2;
						ProvisioningStyle = Automatic;
					};
				};
			};
			buildConfigurationList = 8FEEA17D20BCC360001C963C /* Build configuration list for PBXProject "RedditFeed" */;
			compatibilityVersion = "Xcode 8.0";
			developmentRegion = en;
			hasScannedForEncodings = 0;
			knownRegions = (
				en,
				Base,
			);
			mainGroup = 8FEEA17920BCC360001C963C;
			productRefGroup = 8FEEA18320BCC360001C963C /* Products */;
			projectDirPath = "";
			projectRoot = "";
			targets = (
				8FEEA18120BCC360001C963C /* RedditFeed */,
			);
		};
/* End PBXProject section */

/* Begin PBXResourcesBuildPhase section */
		8FEEA18020BCC360001C963C /* Resources */ = {
			isa = PBXResourcesBuildPhase;
			buildActionMask = 2147483647;
			files = (
				8FEEA19020BCC360001C963C /* LaunchScreen.storyboard in Resources */,
				8FEEA18D20BCC360001C963C /* Assets.xcassets in Resources */,
				8FEEA18B20BCC360001C963C /* Main.storyboard in Resources */,
			);
			runOnlyForDeploymentPostprocessing = 0;
		};
/* End PBXResourcesBuildPhase section */

/* Begin PBXSourcesBuildPhase section */
		8FEEA17E20BCC360001C963C /* Sources */ = {
			isa = PBXSourcesBuildPhase;
			buildActionMask = 2147483647;
			files = (
				8FEEA1A620BCD232001C963C /* RedditEntriesFetcher.swift in Sources */,
				8FEEA19F20BCC430001C963C /* ViewController.swift in Sources */,
				8FEEA19E20BCC430001C963C /* AppDelegate.swift in Sources */,
				8FEEA1A220BCC54E001C963C /* Constants.swift in Sources */,
				8FEEA1A820BD05DE001C963C /* RedditEntry.swift in Sources */,
				8FEEA1A420BCC717001C963C /* RedditNetworking.swift in Sources */,
			);
			runOnlyForDeploymentPostprocessing = 0;
		};
/* End PBXSourcesBuildPhase section */

/* Begin PBXVariantGroup section */
		8FEEA18920BCC360001C963C /* Main.storyboard */ = {
			isa = PBXVariantGroup;
			children = (
				8FEEA18A20BCC360001C963C /* Base */,
			);
			name = Main.storyboard;
			sourceTree = "<group>";
		};
		8FEEA18E20BCC360001C963C /* LaunchScreen.storyboard */ = {
			isa = PBXVariantGroup;
			children = (
				8FEEA18F20BCC360001C963C /* Base */,
			);
			name = LaunchScreen.storyboard;
			sourceTree = "<group>";
		};
/* End PBXVariantGroup section */

/* Begin XCBuildConfiguration section */
		8FEEA19220BCC360001C963C /* Debug */ = {
			isa = XCBuildConfiguration;
			buildSettings = {
				ALWAYS_SEARCH_USER_PATHS = NO;
				CLANG_ANALYZER_NONNULL = YES;
				CLANG_ANALYZER_NUMBER_OBJECT_CONVERSION = YES_AGGRESSIVE;
				CLANG_CXX_LANGUAGE_STANDARD = "gnu++14";
				CLANG_CXX_LIBRARY = "libc++";
				CLANG_ENABLE_MODULES = YES;
				CLANG_ENABLE_OBJC_ARC = YES;
				CLANG_WARN_BLOCK_CAPTURE_AUTORELEASING = YES;
				CLANG_WARN_BOOL_CONVERSION = YES;
				CLANG_WARN_COMMA = YES;
				CLANG_WARN_CONSTANT_CONVERSION = YES;
				CLANG_WARN_DIRECT_OBJC_ISA_USAGE = YES_ERROR;
				CLANG_WARN_DOCUMENTATION_COMMENTS = YES;
				CLANG_WARN_EMPTY_BODY = YES;
				CLANG_WARN_ENUM_CONVERSION = YES;
				CLANG_WARN_INFINITE_RECURSION = YES;
				CLANG_WARN_INT_CONVERSION = YES;
				CLANG_WARN_NON_LITERAL_NULL_CONVERSION = YES;
				CLANG_WARN_OBJC_LITERAL_CONVERSION = YES;
				CLANG_WARN_OBJC_ROOT_CLASS = YES_ERROR;
				CLANG_WARN_RANGE_LOOP_ANALYSIS = YES;
				CLANG_WARN_STRICT_PROTOTYPES = YES;
				CLANG_WARN_SUSPICIOUS_MOVE = YES;
				CLANG_WARN_UNGUARDED_AVAILABILITY = YES_AGGRESSIVE;
				CLANG_WARN_UNREACHABLE_CODE = YES;
				CLANG_WARN__DUPLICATE_METHOD_MATCH = YES;
				CODE_SIGN_IDENTITY = "iPhone Developer";
				COPY_PHASE_STRIP = NO;
				DEBUG_INFORMATION_FORMAT = dwarf;
				ENABLE_STRICT_OBJC_MSGSEND = YES;
				ENABLE_TESTABILITY = YES;
				GCC_C_LANGUAGE_STANDARD = gnu11;
				GCC_DYNAMIC_NO_PIC = NO;
				GCC_NO_COMMON_BLOCKS = YES;
				GCC_OPTIMIZATION_LEVEL = 0;
				GCC_PREPROCESSOR_DEFINITIONS = (
					"DEBUG=1",
					"$(inherited)",
				);
				GCC_WARN_64_TO_32_BIT_CONVERSION = YES;
				GCC_WARN_ABOUT_RETURN_TYPE = YES_ERROR;
				GCC_WARN_UNDECLARED_SELECTOR = YES;
				GCC_WARN_UNINITIALIZED_AUTOS = YES_AGGRESSIVE;
				GCC_WARN_UNUSED_FUNCTION = YES;
				GCC_WARN_UNUSED_VARIABLE = YES;
				IPHONEOS_DEPLOYMENT_TARGET = 11.2;
				MTL_ENABLE_DEBUG_INFO = YES;
				ONLY_ACTIVE_ARCH = YES;
				SDKROOT = iphoneos;
				SWIFT_ACTIVE_COMPILATION_CONDITIONS = DEBUG;
				SWIFT_OPTIMIZATION_LEVEL = "-Onone";
			};
			name = Debug;
		};
		8FEEA19320BCC360001C963C /* Release */ = {
			isa = XCBuildConfiguration;
			buildSettings = {
				ALWAYS_SEARCH_USER_PATHS = NO;
				CLANG_ANALYZER_NONNULL = YES;
				CLANG_ANALYZER_NUMBER_OBJECT_CONVERSION = YES_AGGRESSIVE;
				CLANG_CXX_LANGUAGE_STANDARD = "gnu++14";
				CLANG_CXX_LIBRARY = "libc++";
				CLANG_ENABLE_MODULES = YES;
				CLANG_ENABLE_OBJC_ARC = YES;
				CLANG_WARN_BLOCK_CAPTURE_AUTORELEASING = YES;
				CLANG_WARN_BOOL_CONVERSION = YES;
				CLANG_WARN_COMMA = YES;
				CLANG_WARN_CONSTANT_CONVERSION = YES;
				CLANG_WARN_DIRECT_OBJC_ISA_USAGE = YES_ERROR;
				CLANG_WARN_DOCUMENTATION_COMMENTS = YES;
				CLANG_WARN_EMPTY_BODY = YES;
				CLANG_WARN_ENUM_CONVERSION = YES;
				CLANG_WARN_INFINITE_RECURSION = YES;
				CLANG_WARN_INT_CONVERSION = YES;
				CLANG_WARN_NON_LITERAL_NULL_CONVERSION = YES;
				CLANG_WARN_OBJC_LITERAL_CONVERSION = YES;
				CLANG_WARN_OBJC_ROOT_CLASS = YES_ERROR;
				CLANG_WARN_RANGE_LOOP_ANALYSIS = YES;
				CLANG_WARN_STRICT_PROTOTYPES = YES;
				CLANG_WARN_SUSPICIOUS_MOVE = YES;
				CLANG_WARN_UNGUARDED_AVAILABILITY = YES_AGGRESSIVE;
				CLANG_WARN_UNREACHABLE_CODE = YES;
				CLANG_WARN__DUPLICATE_METHOD_MATCH = YES;
				CODE_SIGN_IDENTITY = "iPhone Developer";
				COPY_PHASE_STRIP = NO;
				DEBUG_INFORMATION_FORMAT = "dwarf-with-dsym";
				ENABLE_NS_ASSERTIONS = NO;
				ENABLE_STRICT_OBJC_MSGSEND = YES;
				GCC_C_LANGUAGE_STANDARD = gnu11;
				GCC_NO_COMMON_BLOCKS = YES;
				GCC_WARN_64_TO_32_BIT_CONVERSION = YES;
				GCC_WARN_ABOUT_RETURN_TYPE = YES_ERROR;
				GCC_WARN_UNDECLARED_SELECTOR = YES;
				GCC_WARN_UNINITIALIZED_AUTOS = YES_AGGRESSIVE;
				GCC_WARN_UNUSED_FUNCTION = YES;
				GCC_WARN_UNUSED_VARIABLE = YES;
				IPHONEOS_DEPLOYMENT_TARGET = 11.2;
				MTL_ENABLE_DEBUG_INFO = NO;
				SDKROOT = iphoneos;
				SWIFT_OPTIMIZATION_LEVEL = "-Owholemodule";
				VALIDATE_PRODUCT = YES;
			};
			name = Release;
		};
		8FEEA19520BCC360001C963C /* Debug */ = {
			isa = XCBuildConfiguration;
			buildSettings = {
				ASSETCATALOG_COMPILER_APPICON_NAME = AppIcon;
				CODE_SIGN_STYLE = Automatic;
				DEVELOPMENT_TEAM = E5WF5C4XFG;
				INFOPLIST_FILE = RedditFeed/Info.plist;
				LD_RUNPATH_SEARCH_PATHS = "$(inherited) @executable_path/Frameworks";
				PRODUCT_BUNDLE_IDENTIFIER = com.nappslab.RedditFeed;
				PRODUCT_NAME = "$(TARGET_NAME)";
				SWIFT_VERSION = 4.0;
				TARGETED_DEVICE_FAMILY = "1,2";
			};
			name = Debug;
		};
		8FEEA19620BCC360001C963C /* Release */ = {
			isa = XCBuildConfiguration;
			buildSettings = {
				ASSETCATALOG_COMPILER_APPICON_NAME = AppIcon;
				CODE_SIGN_STYLE = Automatic;
				DEVELOPMENT_TEAM = E5WF5C4XFG;
				INFOPLIST_FILE = RedditFeed/Info.plist;
				LD_RUNPATH_SEARCH_PATHS = "$(inherited) @executable_path/Frameworks";
				PRODUCT_BUNDLE_IDENTIFIER = com.nappslab.RedditFeed;
				PRODUCT_NAME = "$(TARGET_NAME)";
				SWIFT_VERSION = 4.0;
				TARGETED_DEVICE_FAMILY = "1,2";
			};
			name = Release;
		};
/* End XCBuildConfiguration section */

/* Begin XCConfigurationList section */
		8FEEA17D20BCC360001C963C /* Build configuration list for PBXProject "RedditFeed" */ = {
			isa = XCConfigurationList;
			buildConfigurations = (
				8FEEA19220BCC360001C963C /* Debug */,
				8FEEA19320BCC360001C963C /* Release */,
			);
			defaultConfigurationIsVisible = 0;
			defaultConfigurationName = Release;
		};
		8FEEA19420BCC360001C963C /* Build configuration list for PBXNativeTarget "RedditFeed" */ = {
			isa = XCConfigurationList;
			buildConfigurations = (
				8FEEA19520BCC360001C963C /* Debug */,
				8FEEA19620BCC360001C963C /* Release */,
			);
			defaultConfigurationIsVisible = 0;
			defaultConfigurationName = Release;
		};
/* End XCConfigurationList section */
	};
	rootObject = 8FEEA17A20BCC360001C963C /* Project object */;
}
